
Microsoft Visual Studio Solution File, Format Version 12.00
# Visual Studio Version 17
VisualStudioVersion = 17.3.32929.385
MinimumVisualStudioVersion = 10.0.40219.1
Project("{FAE04EC0-301F-11D3-BF4B-00C04F79EFBC}") = "Ex6", "Ex6\Ex6.csproj", "{BC750D43-3145-4A90-94CE-B1A7A2AD23F0}"
EndProject
Global
	GlobalSection(SolutionConfigurationPlatforms) = preSolution
		Debug|Any CPU = Debug|Any CPU
		Release|Any CPU = Release|Any CPU
	EndGlobalSection
	GlobalSection(ProjectConfigurationPlatforms) = postSolution
		{BC750D43-3145-4A90-94CE-B1A7A2AD23F0}.Debug|Any CPU.ActiveCfg = Debug|Any CPU
		{BC750D43-3145-4A90-94CE-B1A7A2AD23F0}.Debug|Any CPU.Build.0 = Debug|Any CPU
		{BC750D43-3145-4A90-94CE-B1A7A2AD23F0}.Release|Any CPU.ActiveCfg = Release|Any CPU
		{BC750D43-3145-4A90-94CE-B1A7A2AD23F0}.Release|Any CPU.Build.0 = Release|Any CPU
	EndGlobalSection
	GlobalSection(SolutionProperties) = preSolution
		HideSolutionNode = FALSE
	EndGlobalSection
	GlobalSection(ExtensibilityGlobals) = postSolution
		SolutionGuid = {9FEDC2A9-5C62-4714-8DBC-44E40AE9CA3D}
	EndGlobalSection
EndGlobal
