
Microsoft Visual Studio Solution File, Format Version 12.00
# Visual Studio Version 17
VisualStudioVersion = 17.3.32929.385
MinimumVisualStudioVersion = 10.0.40219.1
Project("{FAE04EC0-301F-11D3-BF4B-00C04F79EFBC}") = "Ex7", "Ex7\Ex7.csproj", "{B29A64AE-4D7D-455B-8E45-DE2908A3E230}"
EndProject
Global
	GlobalSection(SolutionConfigurationPlatforms) = preSolution
		Debug|Any CPU = Debug|Any CPU
		Release|Any CPU = Release|Any CPU
	EndGlobalSection
	GlobalSection(ProjectConfigurationPlatforms) = postSolution
		{B29A64AE-4D7D-455B-8E45-DE2908A3E230}.Debug|Any CPU.ActiveCfg = Debug|Any CPU
		{B29A64AE-4D7D-455B-8E45-DE2908A3E230}.Debug|Any CPU.Build.0 = Debug|Any CPU
		{B29A64AE-4D7D-455B-8E45-DE2908A3E230}.Release|Any CPU.ActiveCfg = Release|Any CPU
		{B29A64AE-4D7D-455B-8E45-DE2908A3E230}.Release|Any CPU.Build.0 = Release|Any CPU
	EndGlobalSection
	GlobalSection(SolutionProperties) = preSolution
		HideSolutionNode = FALSE
	EndGlobalSection
	GlobalSection(ExtensibilityGlobals) = postSolution
		SolutionGuid = {692AA71C-9031-4B3C-BD8B-160E9261E5E2}
	EndGlobalSection
EndGlobal
